# Code generated by scarb DO NOT EDIT.
version = 1

[[package]]
name = "openzeppelin"
version = "0.9.0"
source = "git+https://github.com/OpenZeppelin/cairo-contracts.git#44b5259ca316c4a7931e8ca77699bb3c00c70a54"

[[package]]
name = "pragma"
version = "0.1.0"
dependencies = [
 "openzeppelin",
 "pragma_lib",
 "snforge_std",
]

[[package]]
name = "pragma_lib"
version = "1.0.0"
source = "git+https://github.com/astraly-labs/pragma-lib#6691803389f96de872dfef4fd666d62668f51bc8"

[[package]]
name = "snforge_std"
version = "0.1.0"
source = "git+https://github.com/foundry-rs/starknet-foundry.git?tag=v0.10.1#2f1597fb724b7df3050468bd0e6a8a3a0e225001"
